
Microsoft Visual Studio Solution File, Format Version 12.00
# Visual Studio Version 17
VisualStudioVersion = 17.6.33815.320
MinimumVisualStudioVersion = 10.0.40219.1
Project("{FAE04EC0-301F-11D3-BF4B-00C04F79EFBC}") = "DBproject", "DBproject\DBproject.csproj", "{1BBC5B65-F41D-4565-ADCE-CA59503D509C}"
EndProject
Global
	GlobalSection(SolutionConfigurationPlatforms) = preSolution
		Debug|Any CPU = Debug|Any CPU
		Release|Any CPU = Release|Any CPU
	EndGlobalSection
	GlobalSection(ProjectConfigurationPlatforms) = postSolution
		{1BBC5B65-F41D-4565-ADCE-CA59503D509C}.Debug|Any CPU.ActiveCfg = Debug|Any CPU
		{1BBC5B65-F41D-4565-ADCE-CA59503D509C}.Debug|Any CPU.Build.0 = Debug|Any CPU
		{1BBC5B65-F41D-4565-ADCE-CA59503D509C}.Release|Any CPU.ActiveCfg = Release|Any CPU
		{1BBC5B65-F41D-4565-ADCE-CA59503D509C}.Release|Any CPU.Build.0 = Release|Any CPU
	EndGlobalSection
	GlobalSection(SolutionProperties) = preSolution
		HideSolutionNode = FALSE
	EndGlobalSection
	GlobalSection(ExtensibilityGlobals) = postSolution
		SolutionGuid = {24FFC1B8-31E0-48B8-B83A-134BE4B04A2D}
	EndGlobalSection
EndGlobal
